
Microsoft Visual Studio Solution File, Format Version 12.00
# Visual Studio Version 16
VisualStudioVersion = 16.0.31105.61
MinimumVisualStudioVersion = 10.0.40219.1
Project("{FAE04EC0-301F-11D3-BF4B-00C04F79EFBC}") = "Rema1000", "Rema1000.csproj", "{081F4A8E-C0FF-4131-A064-94A45C2EAFED}"
EndProject
Global
	GlobalSection(SolutionConfigurationPlatforms) = preSolution
		Debug|Any CPU = Debug|Any CPU
		Release|Any CPU = Release|Any CPU
	EndGlobalSection
	GlobalSection(ProjectConfigurationPlatforms) = postSolution
		{081F4A8E-C0FF-4131-A064-94A45C2EAFED}.Debug|Any CPU.ActiveCfg = Debug|Any CPU
		{081F4A8E-C0FF-4131-A064-94A45C2EAFED}.Debug|Any CPU.Build.0 = Debug|Any CPU
		{081F4A8E-C0FF-4131-A064-94A45C2EAFED}.Release|Any CPU.ActiveCfg = Release|Any CPU
		{081F4A8E-C0FF-4131-A064-94A45C2EAFED}.Release|Any CPU.Build.0 = Release|Any CPU
	EndGlobalSection
	GlobalSection(SolutionProperties) = preSolution
		HideSolutionNode = FALSE
	EndGlobalSection
	GlobalSection(ExtensibilityGlobals) = postSolution
		SolutionGuid = {538978C7-B596-4242-B301-D09287B37C17}
	EndGlobalSection
EndGlobal
